{
  "name": "sistema-hidrofalcon",
  "version": "1.0.0",
  "lockfileVersion": 3,
  "requires": true,
  "packages": {
    "": {
      "name": "sistema-hidrofalcon",
      "version": "1.0.0",
      "license": "ISC",
      "dependencies": {
        "izitoast": "^1.4.0",
        "jquery": "^3.7.1",
        "micromodal": "^0.4.10",
        "tom-select": "^2.4.3"
      }
    },
    "node_modules/@orchidjs/sifter": {
      "version": "1.1.0",
      "resolved": "https://registry.npmjs.org/@orchidjs/sifter/-/sifter-1.1.0.tgz",
      "integrity": "sha512-mYwHCfr736cIWWdhhSZvDbf90AKt2xyrJspKFC3qyIJG1LtrJeJunYEqCGG4Aq2ijENbc4WkOjszcvNaIAS/pQ==",
      "license": "Apache-2.0",
      "dependencies": {
        "@orchidjs/unicode-variants": "^1.1.2"
      }
    },
    "node_modules/@orchidjs/unicode-variants": {
      "version": "1.1.2",
      "resolved": "https://registry.npmjs.org/@orchidjs/unicode-variants/-/unicode-variants-1.1.2.tgz",
      "integrity": "sha512-5DobW1CHgnBROOEpFlEXytED5OosEWESFvg/VYmH0143oXcijYTprRYJTs+55HzGM4IqxiLFSuqEzu9mPNwVsA==",
      "license": "Apache-2.0"
    },
    "node_modules/izitoast": {
      "version": "1.4.0",
      "resolved": "https://registry.npmjs.org/izitoast/-/izitoast-1.4.0.tgz",
      "integrity": "sha512-Oc1X2wiQtPp39i5VpIjf3GJf5sfCtHKXZ5szx7RareyEeFLUlcEW0FSfBni28+Ul6KNKZRKzhVuWzSP4Xngh0w==",
      "license": "Apache-2.0"
    },
    "node_modules/jquery": {
      "version": "3.7.1",
      "resolved": "https://registry.npmjs.org/jquery/-/jquery-3.7.1.tgz",
      "integrity": "sha512-m4avr8yL8kmFN8psrbFFFmB/If14iN5o9nw/NgnnM+kybDJpRsAynV2BsfpTYrTRysYUdADVD7CkUUizgkpLfg==",
      "license": "MIT"
    },
    "node_modules/micromodal": {
      "version": "0.4.10",
      "resolved": "https://registry.npmjs.org/micromodal/-/micromodal-0.4.10.tgz",
      "integrity": "sha512-BUrEnzMPFBwK8nOE4xUDYHLrlGlLULQVjpja99tpJQPSUEWgw3kTLp1n1qv0HmKU29AiHE7Y7sMLiRziDK4ghQ==",
      "license": "ISC",
      "engines": {
        "node": ">=10"
      }
    },
    "node_modules/tom-select": {
      "version": "2.4.3",
      "resolved": "https://registry.npmjs.org/tom-select/-/tom-select-2.4.3.tgz",
      "integrity": "sha512-MFFrMxP1bpnAMPbdvPCZk0KwYxLqhYZso39torcdoefeV/NThNyDu8dV96/INJ5XQVTL3O55+GqQ78Pkj5oCfw==",
      "license": "Apache-2.0",
      "dependencies": {
        "@orchidjs/sifter": "^1.1.0",
        "@orchidjs/unicode-variants": "^1.1.2"
      },
      "engines": {
        "node": "*"
      },
      "funding": {
        "type": "opencollective",
        "url": "https://opencollective.com/tom-select"
      }
    }
  }
}
